
Microsoft Visual Studio Solution File, Format Version 12.00
# Visual Studio 15
VisualStudioVersion = 15.0.28307.1433
MinimumVisualStudioVersion = 10.0.40219.1
Project("{F184B08F-C81C-45F6-A57F-5ABD9991F28F}") = "RAWLINZ DESIGNS  DESKTOP APP", "RAWLINZ DESIGNS  DESKTOP APP\RAWLINZ DESIGNS  DESKTOP APP.vbproj", "{39F53F60-D61F-4EA1-AA56-04F1C10B783E}"
EndProject
Global
	GlobalSection(SolutionConfigurationPlatforms) = preSolution
		Debug|Any CPU = Debug|Any CPU
		Release|Any CPU = Release|Any CPU
	EndGlobalSection
	GlobalSection(ProjectConfigurationPlatforms) = postSolution
		{39F53F60-D61F-4EA1-AA56-04F1C10B783E}.Debug|Any CPU.ActiveCfg = Debug|Any CPU
		{39F53F60-D61F-4EA1-AA56-04F1C10B783E}.Debug|Any CPU.Build.0 = Debug|Any CPU
		{39F53F60-D61F-4EA1-AA56-04F1C10B783E}.Release|Any CPU.ActiveCfg = Release|Any CPU
		{39F53F60-D61F-4EA1-AA56-04F1C10B783E}.Release|Any CPU.Build.0 = Release|Any CPU
	EndGlobalSection
	GlobalSection(SolutionProperties) = preSolution
		HideSolutionNode = FALSE
	EndGlobalSection
	GlobalSection(ExtensibilityGlobals) = postSolution
		SolutionGuid = {3A345542-0839-4D90-87FD-20C11AA86630}
	EndGlobalSection
EndGlobal
